
Microsoft Visual Studio Solution File, Format Version 12.00
# Visual Studio Version 17
VisualStudioVersion = 17.8.34511.84
MinimumVisualStudioVersion = 10.0.40219.1
Project("{2150E333-8FDC-42A3-9474-1A3956D46DE8}") = "Tests", "Tests", "{6369B52C-696F-49BA-BBDF-0649AC70DEA8}"
EndProject
Project("{2150E333-8FDC-42A3-9474-1A3956D46DE8}") = "Application", "Application", "{8A4BBC04-CF5A-458A-AC6C-57D57608FA09}"
EndProject
Project("{2150E333-8FDC-42A3-9474-1A3956D46DE8}") = "Core", "Core", "{26920BCA-380F-432B-8AAF-92D0339571F3}"
EndProject
Project("{9A19103F-16F7-4668-BE54-9A1E7A4F7556}") = "Core.Users.Domain", "Application\Core\Core.Users.Domain\Core.Users.Domain.csproj", "{72565093-2FB0-45EA-A4A9-797C1DE9522B}"
EndProject
Project("{9A19103F-16F7-4668-BE54-9A1E7A4F7556}") = "Core.Application", "Application\Core\Core.Application\Core.Application.csproj", "{68A05744-90D3-4ACB-A899-6588860B94D3}"
EndProject
Project("{9A19103F-16F7-4668-BE54-9A1E7A4F7556}") = "Core.Api", "Application\Core\Core.Api\Core.Api.csproj", "{1A346349-012B-481A-92B0-6F14410A280D}"
EndProject
Project("{2150E333-8FDC-42A3-9474-1A3956D46DE8}") = "Auth", "Auth", "{EF434426-6E50-404B-94A6-17AB764C626E}"
EndProject
Project("{9A19103F-16F7-4668-BE54-9A1E7A4F7556}") = "Core.Auth.Application", "Application\Core\Auth\Core.Auth.Application\Core.Auth.Application.csproj", "{7AB6EF9F-4C74-40CA-8DBF-F62E4927C943}"
EndProject
Project("{2150E333-8FDC-42A3-9474-1A3956D46DE8}") = "Users", "Users", "{66B0EEA8-D360-4D6D-9AA5-A15C8F5AB8E7}"
EndProject
Project("{9A19103F-16F7-4668-BE54-9A1E7A4F7556}") = "Users.Application", "Application\Users\Users.Application\Users.Application.csproj", "{FD72A9F8-5567-4C5E-BDDE-D95F19C1E2C6}"
EndProject
Project("{2150E333-8FDC-42A3-9474-1A3956D46DE8}") = "Infrastructure", "Infrastructure", "{563A3306-00F7-401E-B55C-16E2DA25D17E}"
EndProject
Project("{9A19103F-16F7-4668-BE54-9A1E7A4F7556}") = "Infrastructure.Persistence", "Infrastructure\Infrastructure.Persistence\Infrastructure.Persistence.csproj", "{8AA9F35C-5BBE-44FB-A8F7-742D75ED4AA2}"
EndProject
Project("{2150E333-8FDC-42A3-9474-1A3956D46DE8}") = "Apis", "Apis", "{922B5989-94D2-486A-811C-567D30C4C31E}"
EndProject
Project("{9A19103F-16F7-4668-BE54-9A1E7A4F7556}") = "Users.Api", "Apis\Users.Api\Users.Api.csproj", "{D721A179-153A-43EC-8697-EC337E8D967C}"
EndProject
Project("{9A19103F-16F7-4668-BE54-9A1E7A4F7556}") = "Auth.Api", "Apis\Auth.Api\Auth.Api.csproj", "{4BEF277C-40E8-43E8-B766-15244A924F7F}"
EndProject
Project("{2150E333-8FDC-42A3-9474-1A3956D46DE8}") = "Auth", "Auth", "{05F9A5FC-FD00-40FB-9883-65C66F9CD607}"
EndProject
Project("{9A19103F-16F7-4668-BE54-9A1E7A4F7556}") = "Auth.Domain", "Application\Auth\Auth.Domain\Auth.Domain.csproj", "{000A03CC-0A18-4DC9-AA64-C4AF31375BCB}"
EndProject
Project("{9A19103F-16F7-4668-BE54-9A1E7A4F7556}") = "Auth.Application", "Application\Auth\Auth.Application\Auth.Application.csproj", "{484F014F-3CE6-48D5-8F96-CAAD2D1C8DDF}"
EndProject
Project("{9A19103F-16F7-4668-BE54-9A1E7A4F7556}") = "Core.Auth.Api", "Application\Core\Auth\Core.Auth.Api\Core.Auth.Api.csproj", "{51355F96-19B0-4CB7-A3AB-2BB83D4F408E}"
EndProject
Project("{2150E333-8FDC-42A3-9474-1A3956D46DE8}") = "Todos", "Todos", "{CA5407CB-D862-4DA8-AFD0-B881DC96551D}"
EndProject
Project("{9A19103F-16F7-4668-BE54-9A1E7A4F7556}") = "Todos.Applications", "Application\Todos\Todos.Applications\Todos.Applications.csproj", "{A1931443-EDBB-476F-81F2-4FF0044D4FAF}"
EndProject
Project("{9A19103F-16F7-4668-BE54-9A1E7A4F7556}") = "Todos.Api", "Apis\Todos.Api\Todos.Api.csproj", "{A2CF8EB7-45A1-4412-B73B-118CCF05A9F5}"
EndProject
Project("{9A19103F-16F7-4668-BE54-9A1E7A4F7556}") = "Todos.Domain", "Application\Todos\Todos.Domain\Todos.Domain.csproj", "{B9B16C65-5F11-47E1-988D-A8894BEDB10C}"
EndProject
Project("{2150E333-8FDC-42A3-9474-1A3956D46DE8}") = "Core", "Core", "{A3FEFA94-A46A-4391-BBA2-9021C7C9E59D}"
EndProject
Project("{9A19103F-16F7-4668-BE54-9A1E7A4F7556}") = "Core.Tests", "Tests\Core\Core.Tests\Core.Tests.csproj", "{24609DE2-1369-489F-A85A-2B7B7FCD62F7}"
EndProject
Project("{9A19103F-16F7-4668-BE54-9A1E7A4F7556}") = "Core.ArchitectureTests", "Tests\Core\Core.ArchitectureTests\Core.ArchitectureTests.csproj", "{E08251DD-382C-4ABC-AFAB-763E085B60C2}"
EndProject
Project("{9A19103F-16F7-4668-BE54-9A1E7A4F7556}") = "Users.UnitTests", "Tests\Users.UnitTests\Users.UnitTests.csproj", "{7A014A0B-9FEC-4D6C-8CF9-A36CEB161616}"
EndProject
Project("{9A19103F-16F7-4668-BE54-9A1E7A4F7556}") = "Todos.UnitTests", "Tests\Todos.UnitTests\Todos.UnitTests.csproj", "{3C2F1F15-3460-41D0-88F6-A2CFDFBA6E61}"
EndProject
Project("{9A19103F-16F7-4668-BE54-9A1E7A4F7556}") = "Auth.UnitTests", "Tests\Auth.UnitTests\Auth.UnitTests.csproj", "{3106B712-8621-4453-9165-E16DC0F4197B}"
EndProject
Project("{9A19103F-16F7-4668-BE54-9A1E7A4F7556}") = "IntegrationTest", "Tests\IntegrationTest\IntegrationTest.csproj", "{82B10228-744C-4D05-ABCF-214C6584784E}"
EndProject
Project("{2150E333-8FDC-42A3-9474-1A3956D46DE8}") = "Functional", "Functional", "{2BA2FDA8-2528-4BB3-9255-C8A967DABF80}"
EndProject
Project("{9A19103F-16F7-4668-BE54-9A1E7A4F7556}") = "Users.FunctionalTests", "Tests\Users.FunctionalTests\Users.FunctionalTests.csproj", "{9AE4A37C-CC3B-45AD-8E9B-3BC548F27190}"
EndProject
Project("{FAE04EC0-301F-11D3-BF4B-00C04F79EFBC}") = "Todos.FunctionalTests", "Todos.FunctionalTests\Todos.FunctionalTests.csproj", "{9C4514A9-6856-4620-8E87-62BE75C25D83}"
EndProject
Project("{FAE04EC0-301F-11D3-BF4B-00C04F79EFBC}") = "Auth.FunctionalTests", "Auth.FunctionalTests\Auth.FunctionalTests.csproj", "{9963FAB3-AF31-4967-AEBE-89AF7D853BEB}"
EndProject
Global
	GlobalSection(SolutionConfigurationPlatforms) = preSolution
		Debug|Any CPU = Debug|Any CPU
		Release|Any CPU = Release|Any CPU
	EndGlobalSection
	GlobalSection(ProjectConfigurationPlatforms) = postSolution
		{72565093-2FB0-45EA-A4A9-797C1DE9522B}.Debug|Any CPU.ActiveCfg = Debug|Any CPU
		{72565093-2FB0-45EA-A4A9-797C1DE9522B}.Debug|Any CPU.Build.0 = Debug|Any CPU
		{72565093-2FB0-45EA-A4A9-797C1DE9522B}.Release|Any CPU.ActiveCfg = Release|Any CPU
		{72565093-2FB0-45EA-A4A9-797C1DE9522B}.Release|Any CPU.Build.0 = Release|Any CPU
		{68A05744-90D3-4ACB-A899-6588860B94D3}.Debug|Any CPU.ActiveCfg = Debug|Any CPU
		{68A05744-90D3-4ACB-A899-6588860B94D3}.Debug|Any CPU.Build.0 = Debug|Any CPU
		{68A05744-90D3-4ACB-A899-6588860B94D3}.Release|Any CPU.ActiveCfg = Release|Any CPU
		{68A05744-90D3-4ACB-A899-6588860B94D3}.Release|Any CPU.Build.0 = Release|Any CPU
		{1A346349-012B-481A-92B0-6F14410A280D}.Debug|Any CPU.ActiveCfg = Debug|Any CPU
		{1A346349-012B-481A-92B0-6F14410A280D}.Debug|Any CPU.Build.0 = Debug|Any CPU
		{1A346349-012B-481A-92B0-6F14410A280D}.Release|Any CPU.ActiveCfg = Release|Any CPU
		{1A346349-012B-481A-92B0-6F14410A280D}.Release|Any CPU.Build.0 = Release|Any CPU
		{7AB6EF9F-4C74-40CA-8DBF-F62E4927C943}.Debug|Any CPU.ActiveCfg = Debug|Any CPU
		{7AB6EF9F-4C74-40CA-8DBF-F62E4927C943}.Debug|Any CPU.Build.0 = Debug|Any CPU
		{7AB6EF9F-4C74-40CA-8DBF-F62E4927C943}.Release|Any CPU.ActiveCfg = Release|Any CPU
		{7AB6EF9F-4C74-40CA-8DBF-F62E4927C943}.Release|Any CPU.Build.0 = Release|Any CPU
		{FD72A9F8-5567-4C5E-BDDE-D95F19C1E2C6}.Debug|Any CPU.ActiveCfg = Debug|Any CPU
		{FD72A9F8-5567-4C5E-BDDE-D95F19C1E2C6}.Debug|Any CPU.Build.0 = Debug|Any CPU
		{FD72A9F8-5567-4C5E-BDDE-D95F19C1E2C6}.Release|Any CPU.ActiveCfg = Release|Any CPU
		{FD72A9F8-5567-4C5E-BDDE-D95F19C1E2C6}.Release|Any CPU.Build.0 = Release|Any CPU
		{8AA9F35C-5BBE-44FB-A8F7-742D75ED4AA2}.Debug|Any CPU.ActiveCfg = Debug|Any CPU
		{8AA9F35C-5BBE-44FB-A8F7-742D75ED4AA2}.Debug|Any CPU.Build.0 = Debug|Any CPU
		{8AA9F35C-5BBE-44FB-A8F7-742D75ED4AA2}.Release|Any CPU.ActiveCfg = Release|Any CPU
		{8AA9F35C-5BBE-44FB-A8F7-742D75ED4AA2}.Release|Any CPU.Build.0 = Release|Any CPU
		{D721A179-153A-43EC-8697-EC337E8D967C}.Debug|Any CPU.ActiveCfg = Debug|Any CPU
		{D721A179-153A-43EC-8697-EC337E8D967C}.Debug|Any CPU.Build.0 = Debug|Any CPU
		{D721A179-153A-43EC-8697-EC337E8D967C}.Release|Any CPU.ActiveCfg = Release|Any CPU
		{D721A179-153A-43EC-8697-EC337E8D967C}.Release|Any CPU.Build.0 = Release|Any CPU
		{4BEF277C-40E8-43E8-B766-15244A924F7F}.Debug|Any CPU.ActiveCfg = Debug|Any CPU
		{4BEF277C-40E8-43E8-B766-15244A924F7F}.Debug|Any CPU.Build.0 = Debug|Any CPU
		{4BEF277C-40E8-43E8-B766-15244A924F7F}.Release|Any CPU.ActiveCfg = Release|Any CPU
		{4BEF277C-40E8-43E8-B766-15244A924F7F}.Release|Any CPU.Build.0 = Release|Any CPU
		{000A03CC-0A18-4DC9-AA64-C4AF31375BCB}.Debug|Any CPU.ActiveCfg = Debug|Any CPU
		{000A03CC-0A18-4DC9-AA64-C4AF31375BCB}.Debug|Any CPU.Build.0 = Debug|Any CPU
		{000A03CC-0A18-4DC9-AA64-C4AF31375BCB}.Release|Any CPU.ActiveCfg = Release|Any CPU
		{000A03CC-0A18-4DC9-AA64-C4AF31375BCB}.Release|Any CPU.Build.0 = Release|Any CPU
		{484F014F-3CE6-48D5-8F96-CAAD2D1C8DDF}.Debug|Any CPU.ActiveCfg = Debug|Any CPU
		{484F014F-3CE6-48D5-8F96-CAAD2D1C8DDF}.Debug|Any CPU.Build.0 = Debug|Any CPU
		{484F014F-3CE6-48D5-8F96-CAAD2D1C8DDF}.Release|Any CPU.ActiveCfg = Release|Any CPU
		{484F014F-3CE6-48D5-8F96-CAAD2D1C8DDF}.Release|Any CPU.Build.0 = Release|Any CPU
		{51355F96-19B0-4CB7-A3AB-2BB83D4F408E}.Debug|Any CPU.ActiveCfg = Debug|Any CPU
		{51355F96-19B0-4CB7-A3AB-2BB83D4F408E}.Debug|Any CPU.Build.0 = Debug|Any CPU
		{51355F96-19B0-4CB7-A3AB-2BB83D4F408E}.Release|Any CPU.ActiveCfg = Release|Any CPU
		{51355F96-19B0-4CB7-A3AB-2BB83D4F408E}.Release|Any CPU.Build.0 = Release|Any CPU
		{A1931443-EDBB-476F-81F2-4FF0044D4FAF}.Debug|Any CPU.ActiveCfg = Debug|Any CPU
		{A1931443-EDBB-476F-81F2-4FF0044D4FAF}.Debug|Any CPU.Build.0 = Debug|Any CPU
		{A1931443-EDBB-476F-81F2-4FF0044D4FAF}.Release|Any CPU.ActiveCfg = Release|Any CPU
		{A1931443-EDBB-476F-81F2-4FF0044D4FAF}.Release|Any CPU.Build.0 = Release|Any CPU
		{A2CF8EB7-45A1-4412-B73B-118CCF05A9F5}.Debug|Any CPU.ActiveCfg = Debug|Any CPU
		{A2CF8EB7-45A1-4412-B73B-118CCF05A9F5}.Debug|Any CPU.Build.0 = Debug|Any CPU
		{A2CF8EB7-45A1-4412-B73B-118CCF05A9F5}.Release|Any CPU.ActiveCfg = Release|Any CPU
		{A2CF8EB7-45A1-4412-B73B-118CCF05A9F5}.Release|Any CPU.Build.0 = Release|Any CPU
		{B9B16C65-5F11-47E1-988D-A8894BEDB10C}.Debug|Any CPU.ActiveCfg = Debug|Any CPU
		{B9B16C65-5F11-47E1-988D-A8894BEDB10C}.Debug|Any CPU.Build.0 = Debug|Any CPU
		{B9B16C65-5F11-47E1-988D-A8894BEDB10C}.Release|Any CPU.ActiveCfg = Release|Any CPU
		{B9B16C65-5F11-47E1-988D-A8894BEDB10C}.Release|Any CPU.Build.0 = Release|Any CPU
		{24609DE2-1369-489F-A85A-2B7B7FCD62F7}.Debug|Any CPU.ActiveCfg = Debug|Any CPU
		{24609DE2-1369-489F-A85A-2B7B7FCD62F7}.Debug|Any CPU.Build.0 = Debug|Any CPU
		{24609DE2-1369-489F-A85A-2B7B7FCD62F7}.Release|Any CPU.ActiveCfg = Release|Any CPU
		{24609DE2-1369-489F-A85A-2B7B7FCD62F7}.Release|Any CPU.Build.0 = Release|Any CPU
		{E08251DD-382C-4ABC-AFAB-763E085B60C2}.Debug|Any CPU.ActiveCfg = Debug|Any CPU
		{E08251DD-382C-4ABC-AFAB-763E085B60C2}.Debug|Any CPU.Build.0 = Debug|Any CPU
		{E08251DD-382C-4ABC-AFAB-763E085B60C2}.Release|Any CPU.ActiveCfg = Release|Any CPU
		{E08251DD-382C-4ABC-AFAB-763E085B60C2}.Release|Any CPU.Build.0 = Release|Any CPU
		{7A014A0B-9FEC-4D6C-8CF9-A36CEB161616}.Debug|Any CPU.ActiveCfg = Debug|Any CPU
		{7A014A0B-9FEC-4D6C-8CF9-A36CEB161616}.Debug|Any CPU.Build.0 = Debug|Any CPU
		{7A014A0B-9FEC-4D6C-8CF9-A36CEB161616}.Release|Any CPU.ActiveCfg = Release|Any CPU
		{7A014A0B-9FEC-4D6C-8CF9-A36CEB161616}.Release|Any CPU.Build.0 = Release|Any CPU
		{3C2F1F15-3460-41D0-88F6-A2CFDFBA6E61}.Debug|Any CPU.ActiveCfg = Debug|Any CPU
		{3C2F1F15-3460-41D0-88F6-A2CFDFBA6E61}.Debug|Any CPU.Build.0 = Debug|Any CPU
		{3C2F1F15-3460-41D0-88F6-A2CFDFBA6E61}.Release|Any CPU.ActiveCfg = Release|Any CPU
		{3C2F1F15-3460-41D0-88F6-A2CFDFBA6E61}.Release|Any CPU.Build.0 = Release|Any CPU
		{3106B712-8621-4453-9165-E16DC0F4197B}.Debug|Any CPU.ActiveCfg = Debug|Any CPU
		{3106B712-8621-4453-9165-E16DC0F4197B}.Debug|Any CPU.Build.0 = Debug|Any CPU
		{3106B712-8621-4453-9165-E16DC0F4197B}.Release|Any CPU.ActiveCfg = Release|Any CPU
		{3106B712-8621-4453-9165-E16DC0F4197B}.Release|Any CPU.Build.0 = Release|Any CPU
		{82B10228-744C-4D05-ABCF-214C6584784E}.Debug|Any CPU.ActiveCfg = Debug|Any CPU
		{82B10228-744C-4D05-ABCF-214C6584784E}.Debug|Any CPU.Build.0 = Debug|Any CPU
		{82B10228-744C-4D05-ABCF-214C6584784E}.Release|Any CPU.ActiveCfg = Release|Any CPU
		{82B10228-744C-4D05-ABCF-214C6584784E}.Release|Any CPU.Build.0 = Release|Any CPU
		{9AE4A37C-CC3B-45AD-8E9B-3BC548F27190}.Debug|Any CPU.ActiveCfg = Debug|Any CPU
		{9AE4A37C-CC3B-45AD-8E9B-3BC548F27190}.Debug|Any CPU.Build.0 = Debug|Any CPU
		{9AE4A37C-CC3B-45AD-8E9B-3BC548F27190}.Release|Any CPU.ActiveCfg = Release|Any CPU
		{9AE4A37C-CC3B-45AD-8E9B-3BC548F27190}.Release|Any CPU.Build.0 = Release|Any CPU
		{9C4514A9-6856-4620-8E87-62BE75C25D83}.Debug|Any CPU.ActiveCfg = Debug|Any CPU
		{9C4514A9-6856-4620-8E87-62BE75C25D83}.Debug|Any CPU.Build.0 = Debug|Any CPU
		{9C4514A9-6856-4620-8E87-62BE75C25D83}.Release|Any CPU.ActiveCfg = Release|Any CPU
		{9C4514A9-6856-4620-8E87-62BE75C25D83}.Release|Any CPU.Build.0 = Release|Any CPU
		{9963FAB3-AF31-4967-AEBE-89AF7D853BEB}.Debug|Any CPU.ActiveCfg = Debug|Any CPU
		{9963FAB3-AF31-4967-AEBE-89AF7D853BEB}.Debug|Any CPU.Build.0 = Debug|Any CPU
		{9963FAB3-AF31-4967-AEBE-89AF7D853BEB}.Release|Any CPU.ActiveCfg = Release|Any CPU
		{9963FAB3-AF31-4967-AEBE-89AF7D853BEB}.Release|Any CPU.Build.0 = Release|Any CPU
	EndGlobalSection
	GlobalSection(SolutionProperties) = preSolution
		HideSolutionNode = FALSE
	EndGlobalSection
	GlobalSection(NestedProjects) = preSolution
		{26920BCA-380F-432B-8AAF-92D0339571F3} = {8A4BBC04-CF5A-458A-AC6C-57D57608FA09}
		{72565093-2FB0-45EA-A4A9-797C1DE9522B} = {26920BCA-380F-432B-8AAF-92D0339571F3}
		{68A05744-90D3-4ACB-A899-6588860B94D3} = {26920BCA-380F-432B-8AAF-92D0339571F3}
		{1A346349-012B-481A-92B0-6F14410A280D} = {26920BCA-380F-432B-8AAF-92D0339571F3}
		{EF434426-6E50-404B-94A6-17AB764C626E} = {26920BCA-380F-432B-8AAF-92D0339571F3}
		{7AB6EF9F-4C74-40CA-8DBF-F62E4927C943} = {EF434426-6E50-404B-94A6-17AB764C626E}
		{66B0EEA8-D360-4D6D-9AA5-A15C8F5AB8E7} = {8A4BBC04-CF5A-458A-AC6C-57D57608FA09}
		{FD72A9F8-5567-4C5E-BDDE-D95F19C1E2C6} = {66B0EEA8-D360-4D6D-9AA5-A15C8F5AB8E7}
		{8AA9F35C-5BBE-44FB-A8F7-742D75ED4AA2} = {563A3306-00F7-401E-B55C-16E2DA25D17E}
		{D721A179-153A-43EC-8697-EC337E8D967C} = {922B5989-94D2-486A-811C-567D30C4C31E}
		{4BEF277C-40E8-43E8-B766-15244A924F7F} = {922B5989-94D2-486A-811C-567D30C4C31E}
		{05F9A5FC-FD00-40FB-9883-65C66F9CD607} = {8A4BBC04-CF5A-458A-AC6C-57D57608FA09}
		{000A03CC-0A18-4DC9-AA64-C4AF31375BCB} = {05F9A5FC-FD00-40FB-9883-65C66F9CD607}
		{484F014F-3CE6-48D5-8F96-CAAD2D1C8DDF} = {05F9A5FC-FD00-40FB-9883-65C66F9CD607}
		{51355F96-19B0-4CB7-A3AB-2BB83D4F408E} = {EF434426-6E50-404B-94A6-17AB764C626E}
		{CA5407CB-D862-4DA8-AFD0-B881DC96551D} = {8A4BBC04-CF5A-458A-AC6C-57D57608FA09}
		{A1931443-EDBB-476F-81F2-4FF0044D4FAF} = {CA5407CB-D862-4DA8-AFD0-B881DC96551D}
		{A2CF8EB7-45A1-4412-B73B-118CCF05A9F5} = {922B5989-94D2-486A-811C-567D30C4C31E}
		{B9B16C65-5F11-47E1-988D-A8894BEDB10C} = {CA5407CB-D862-4DA8-AFD0-B881DC96551D}
		{A3FEFA94-A46A-4391-BBA2-9021C7C9E59D} = {6369B52C-696F-49BA-BBDF-0649AC70DEA8}
		{24609DE2-1369-489F-A85A-2B7B7FCD62F7} = {A3FEFA94-A46A-4391-BBA2-9021C7C9E59D}
		{E08251DD-382C-4ABC-AFAB-763E085B60C2} = {A3FEFA94-A46A-4391-BBA2-9021C7C9E59D}
		{7A014A0B-9FEC-4D6C-8CF9-A36CEB161616} = {6369B52C-696F-49BA-BBDF-0649AC70DEA8}
		{3C2F1F15-3460-41D0-88F6-A2CFDFBA6E61} = {6369B52C-696F-49BA-BBDF-0649AC70DEA8}
		{3106B712-8621-4453-9165-E16DC0F4197B} = {6369B52C-696F-49BA-BBDF-0649AC70DEA8}
		{82B10228-744C-4D05-ABCF-214C6584784E} = {6369B52C-696F-49BA-BBDF-0649AC70DEA8}
		{2BA2FDA8-2528-4BB3-9255-C8A967DABF80} = {6369B52C-696F-49BA-BBDF-0649AC70DEA8}
		{9AE4A37C-CC3B-45AD-8E9B-3BC548F27190} = {2BA2FDA8-2528-4BB3-9255-C8A967DABF80}
		{9C4514A9-6856-4620-8E87-62BE75C25D83} = {2BA2FDA8-2528-4BB3-9255-C8A967DABF80}
		{9963FAB3-AF31-4967-AEBE-89AF7D853BEB} = {2BA2FDA8-2528-4BB3-9255-C8A967DABF80}
	EndGlobalSection
	GlobalSection(ExtensibilityGlobals) = postSolution
		SolutionGuid = {F299A52B-FF70-4748-8843-F8ED5497B623}
	EndGlobalSection
EndGlobal
